// !$*UTF8*$!
{
	archiveVersion = 1;
	classes = {
	};
	objectVersion = 50;
	objects = {

/* Begin PBXBuildFile section */
		9DFBE850214134C3003EE815 /* AppDelegate.swift in Sources */ = {isa = PBXBuildFile; fileRef = 9DFBE84F214134C3003EE815 /* AppDelegate.swift */; };
		9DFBE852214134C3003EE815 /* ViewController.swift in Sources */ = {isa = PBXBuildFile; fileRef = 9DFBE851214134C3003EE815 /* ViewController.swift */; };
		9DFBE855214134C3003EE815 /* Main.storyboard in Resources */ = {isa = PBXBuildFile; fileRef = 9DFBE853214134C3003EE815 /* Main.storyboard */; };
		9DFBE857214134CA003EE815 /* Assets.xcassets in Resources */ = {isa = PBXBuildFile; fileRef = 9DFBE856214134CA003EE815 /* Assets.xcassets */; };
		9DFBE85A214134CA003EE815 /* LaunchScreen.storyboard in Resources */ = {isa = PBXBuildFile; fileRef = 9DFBE858214134CA003EE815 /* LaunchScreen.storyboard */; };
		9DFBE865214134CA003EE815 /* VKImageZoomTests.swift in Sources */ = {isa = PBXBuildFile; fileRef = 9DFBE864214134CA003EE815 /* VKImageZoomTests.swift */; };
		9DFBE870214134CA003EE815 /* VKImageZoomUITests.swift in Sources */ = {isa = PBXBuildFile; fileRef = 9DFBE86F214134CA003EE815 /* VKImageZoomUITests.swift */; };
		9DFBE8832141352C003EE815 /* VKImageZoom.swift in Sources */ = {isa = PBXBuildFile; fileRef = 9DFBE87E2141352C003EE815 /* VKImageZoom.swift */; };
		9DFBE8842141352C003EE815 /* dahlia_blossom.jpeg in Resources */ = {isa = PBXBuildFile; fileRef = 9DFBE8802141352C003EE815 /* dahlia_blossom.jpeg */; };
		9DFBE8852141352C003EE815 /* rose.jpeg in Resources */ = {isa = PBXBuildFile; fileRef = 9DFBE8812141352C003EE815 /* rose.jpeg */; };
		9DFBE8862141352C003EE815 /* rose_victor.jpg in Resources */ = {isa = PBXBuildFile; fileRef = 9DFBE8822141352C003EE815 /* rose_victor.jpg */; };
/* End PBXBuildFile section */

/* Begin PBXContainerItemProxy section */
		9DFBE861214134CA003EE815 /* PBXContainerItemProxy */ = {
			isa = PBXContainerItemProxy;
			containerPortal = 9DFBE844214134C3003EE815 /* Project object */;
			proxyType = 1;
			remoteGlobalIDString = 9DFBE84B214134C3003EE815;
			remoteInfo = VKImageZoom;
		};
		9DFBE86C214134CA003EE815 /* PBXContainerItemProxy */ = {
			isa = PBXContainerItemProxy;
			containerPortal = 9DFBE844214134C3003EE815 /* Project object */;
			proxyType = 1;
			remoteGlobalIDString = 9DFBE84B214134C3003EE815;
			remoteInfo = VKImageZoom;
		};
/* End PBXContainerItemProxy section */

/* Begin PBXFileReference section */
		9DFBE84C214134C3003EE815 /* VKImageZoom.app */ = {isa = PBXFileReference; explicitFileType = wrapper.application; includeInIndex = 0; path = VKImageZoom.app; sourceTree = BUILT_PRODUCTS_DIR; };
		9DFBE84F214134C3003EE815 /* AppDelegate.swift */ = {isa = PBXFileReference; lastKnownFileType = sourcecode.swift; path = AppDelegate.swift; sourceTree = "<group>"; };
		9DFBE851214134C3003EE815 /* ViewController.swift */ = {isa = PBXFileReference; lastKnownFileType = sourcecode.swift; path = ViewController.swift; sourceTree = "<group>"; };
		9DFBE854214134C3003EE815 /* Base */ = {isa = PBXFileReference; lastKnownFileType = file.storyboard; name = Base; path = Base.lproj/Main.storyboard; sourceTree = "<group>"; };
		9DFBE856214134CA003EE815 /* Assets.xcassets */ = {isa = PBXFileReference; lastKnownFileType = folder.assetcatalog; path = Assets.xcassets; sourceTree = "<group>"; };
		9DFBE859214134CA003EE815 /* Base */ = {isa = PBXFileReference; lastKnownFileType = file.storyboard; name = Base; path = Base.lproj/LaunchScreen.storyboard; sourceTree = "<group>"; };
		9DFBE85B214134CA003EE815 /* Info.plist */ = {isa = PBXFileReference; lastKnownFileType = text.plist.xml; path = Info.plist; sourceTree = "<group>"; };
		9DFBE860214134CA003EE815 /* VKImageZoomTests.xctest */ = {isa = PBXFileReference; explicitFileType = wrapper.cfbundle; includeInIndex = 0; path = VKImageZoomTests.xctest; sourceTree = BUILT_PRODUCTS_DIR; };
		9DFBE864214134CA003EE815 /* VKImageZoomTests.swift */ = {isa = PBXFileReference; lastKnownFileType = sourcecode.swift; path = VKImageZoomTests.swift; sourceTree = "<group>"; };
		9DFBE866214134CA003EE815 /* Info.plist */ = {isa = PBXFileReference; lastKnownFileType = text.plist.xml; path = Info.plist; sourceTree = "<group>"; };
		9DFBE86B214134CA003EE815 /* VKImageZoomUITests.xctest */ = {isa = PBXFileReference; explicitFileType = wrapper.cfbundle; includeInIndex = 0; path = VKImageZoomUITests.xctest; sourceTree = BUILT_PRODUCTS_DIR; };
		9DFBE86F214134CA003EE815 /* VKImageZoomUITests.swift */ = {isa = PBXFileReference; lastKnownFileType = sourcecode.swift; path = VKImageZoomUITests.swift; sourceTree = "<group>"; };
		9DFBE871214134CA003EE815 /* Info.plist */ = {isa = PBXFileReference; lastKnownFileType = text.plist.xml; path = Info.plist; sourceTree = "<group>"; };
		9DFBE87E2141352C003EE815 /* VKImageZoom.swift */ = {isa = PBXFileReference; fileEncoding = 4; lastKnownFileType = sourcecode.swift; path = VKImageZoom.swift; sourceTree = "<group>"; };
		9DFBE8802141352C003EE815 /* dahlia_blossom.jpeg */ = {isa = PBXFileReference; lastKnownFileType = image.jpeg; path = dahlia_blossom.jpeg; sourceTree = "<group>"; };
		9DFBE8812141352C003EE815 /* rose.jpeg */ = {isa = PBXFileReference; lastKnownFileType = image.jpeg; path = rose.jpeg; sourceTree = "<group>"; };
		9DFBE8822141352C003EE815 /* rose_victor.jpg */ = {isa = PBXFileReference; lastKnownFileType = image.jpeg; path = rose_victor.jpg; sourceTree = "<group>"; };
/* End PBXFileReference section */

/* Begin PBXFrameworksBuildPhase section */
		9DFBE849214134C3003EE815 /* Frameworks */ = {
			isa = PBXFrameworksBuildPhase;
			buildActionMask = 2147483647;
			files = (
			);
			runOnlyForDeploymentPostprocessing = 0;
		};
		9DFBE85D214134CA003EE815 /* Frameworks */ = {
			isa = PBXFrameworksBuildPhase;
			buildActionMask = 2147483647;
			files = (
			);
			runOnlyForDeploymentPostprocessing = 0;
		};
		9DFBE868214134CA003EE815 /* Frameworks */ = {
			isa = PBXFrameworksBuildPhase;
			buildActionMask = 2147483647;
			files = (
			);
			runOnlyForDeploymentPostprocessing = 0;
		};
/* End PBXFrameworksBuildPhase section */

/* Begin PBXGroup section */
		9DFBE843214134C3003EE815 = {
			isa = PBXGroup;
			children = (
				9DFBE84E214134C3003EE815 /* VKImageZoom */,
				9DFBE863214134CA003EE815 /* VKImageZoomTests */,
				9DFBE86E214134CA003EE815 /* VKImageZoomUITests */,
				9DFBE84D214134C3003EE815 /* Products */,
			);
			sourceTree = "<group>";
		};
		9DFBE84D214134C3003EE815 /* Products */ = {
			isa = PBXGroup;
			children = (
				9DFBE84C214134C3003EE815 /* VKImageZoom.app */,
				9DFBE860214134CA003EE815 /* VKImageZoomTests.xctest */,
				9DFBE86B214134CA003EE815 /* VKImageZoomUITests.xctest */,
			);
			name = Products;
			sourceTree = "<group>";
		};
		9DFBE84E214134C3003EE815 /* VKImageZoom */ = {
			isa = PBXGroup;
			children = (
				9DFBE84F214134C3003EE815 /* AppDelegate.swift */,
				9DFBE851214134C3003EE815 /* ViewController.swift */,
				9DFBE87D2141352C003EE815 /* VKImageZoom */,
				9DFBE87F2141352C003EE815 /* Images */,
				9DFBE853214134C3003EE815 /* Main.storyboard */,
				9DFBE856214134CA003EE815 /* Assets.xcassets */,
				9DFBE858214134CA003EE815 /* LaunchScreen.storyboard */,
				9DFBE85B214134CA003EE815 /* Info.plist */,
			);
			path = VKImageZoom;
			sourceTree = "<group>";
		};
		9DFBE863214134CA003EE815 /* VKImageZoomTests */ = {
			isa = PBXGroup;
			children = (
				9DFBE864214134CA003EE815 /* VKImageZoomTests.swift */,
				9DFBE866214134CA003EE815 /* Info.plist */,
			);
			path = VKImageZoomTests;
			sourceTree = "<group>";
		};
		9DFBE86E214134CA003EE815 /* VKImageZoomUITests */ = {
			isa = PBXGroup;
			children = (
				9DFBE86F214134CA003EE815 /* VKImageZoomUITests.swift */,
				9DFBE871214134CA003EE815 /* Info.plist */,
			);
			path = VKImageZoomUITests;
			sourceTree = "<group>";
		};
		9DFBE87D2141352C003EE815 /* VKImageZoom */ = {
			isa = PBXGroup;
			children = (
				9DFBE87E2141352C003EE815 /* VKImageZoom.swift */,
			);
			path = VKImageZoom;
			sourceTree = "<group>";
		};
		9DFBE87F2141352C003EE815 /* Images */ = {
			isa = PBXGroup;
			children = (
				9DFBE8802141352C003EE815 /* dahlia_blossom.jpeg */,
				9DFBE8812141352C003EE815 /* rose.jpeg */,
				9DFBE8822141352C003EE815 /* rose_victor.jpg */,
			);
			path = Images;
			sourceTree = "<group>";
		};
/* End PBXGroup section */

/* Begin PBXNativeTarget section */
		9DFBE84B214134C3003EE815 /* VKImageZoom */ = {
			isa = PBXNativeTarget;
			buildConfigurationList = 9DFBE874214134CA003EE815 /* Build configuration list for PBXNativeTarget "VKImageZoom" */;
			buildPhases = (
				9DFBE848214134C3003EE815 /* Sources */,
				9DFBE849214134C3003EE815 /* Frameworks */,
				9DFBE84A214134C3003EE815 /* Resources */,
			);
			buildRules = (
			);
			dependencies = (
			);
			name = VKImageZoom;
			productName = VKImageZoom;
			productReference = 9DFBE84C214134C3003EE815 /* VKImageZoom.app */;
			productType = "com.apple.product-type.application";
		};
		9DFBE85F214134CA003EE815 /* VKImageZoomTests */ = {
			isa = PBXNativeTarget;
			buildConfigurationList = 9DFBE877214134CA003EE815 /* Build configuration list for PBXNativeTarget "VKImageZoomTests" */;
			buildPhases = (
				9DFBE85C214134CA003EE815 /* Sources */,
				9DFBE85D214134CA003EE815 /* Frameworks */,
				9DFBE85E214134CA003EE815 /* Resources */,
			);
			buildRules = (
			);
			dependencies = (
				9DFBE862214134CA003EE815 /* PBXTargetDependency */,
			);
			name = VKImageZoomTests;
			productName = VKImageZoomTests;
			productReference = 9DFBE860214134CA003EE815 /* VKImageZoomTests.xctest */;
			productType = "com.apple.product-type.bundle.unit-test";
		};
		9DFBE86A214134CA003EE815 /* VKImageZoomUITests */ = {
			isa = PBXNativeTarget;
			buildConfigurationList = 9DFBE87A214134CA003EE815 /* Build configuration list for PBXNativeTarget "VKImageZoomUITests" */;
			buildPhases = (
				9DFBE867214134CA003EE815 /* Sources */,
				9DFBE868214134CA003EE815 /* Frameworks */,
				9DFBE869214134CA003EE815 /* Resources */,
			);
			buildRules = (
			);
			dependencies = (
				9DFBE86D214134CA003EE815 /* PBXTargetDependency */,
			);
			name = VKImageZoomUITests;
			productName = VKImageZoomUITests;
			productReference = 9DFBE86B214134CA003EE815 /* VKImageZoomUITests.xctest */;
			productType = "com.apple.product-type.bundle.ui-testing";
		};
/* End PBXNativeTarget section */

/* Begin PBXProject section */
		9DFBE844214134C3003EE815 /* Project object */ = {
			isa = PBXProject;
			attributes = {
				LastSwiftUpdateCheck = 0940;
				LastUpgradeCheck = 0940;
				ORGANIZATIONNAME = "Kondaiah Veeraboyina";
				TargetAttributes = {
					9DFBE84B214134C3003EE815 = {
						CreatedOnToolsVersion = 9.4.1;
					};
					9DFBE85F214134CA003EE815 = {
						CreatedOnToolsVersion = 9.4.1;
						TestTargetID = 9DFBE84B214134C3003EE815;
					};
					9DFBE86A214134CA003EE815 = {
						CreatedOnToolsVersion = 9.4.1;
						TestTargetID = 9DFBE84B214134C3003EE815;
					};
				};
			};
			buildConfigurationList = 9DFBE847214134C3003EE815 /* Build configuration list for PBXProject "VKImageZoom" */;
			compatibilityVersion = "Xcode 9.3";
			developmentRegion = en;
			hasScannedForEncodings = 0;
			knownRegions = (
				en,
				Base,
			);
			mainGroup = 9DFBE843214134C3003EE815;
			productRefGroup = 9DFBE84D214134C3003EE815 /* Products */;
			projectDirPath = "";
			projectRoot = "";
			targets = (
				9DFBE84B214134C3003EE815 /* VKImageZoom */,
				9DFBE85F214134CA003EE815 /* VKImageZoomTests */,
				9DFBE86A214134CA003EE815 /* VKImageZoomUITests */,
			);
		};
/* End PBXProject section */

/* Begin PBXResourcesBuildPhase section */
		9DFBE84A214134C3003EE815 /* Resources */ = {
			isa = PBXResourcesBuildPhase;
			buildActionMask = 2147483647;
			files = (
				9DFBE8842141352C003EE815 /* dahlia_blossom.jpeg in Resources */,
				9DFBE8862141352C003EE815 /* rose_victor.jpg in Resources */,
				9DFBE8852141352C003EE815 /* rose.jpeg in Resources */,
				9DFBE85A214134CA003EE815 /* LaunchScreen.storyboard in Resources */,
				9DFBE857214134CA003EE815 /* Assets.xcassets in Resources */,
				9DFBE855214134C3003EE815 /* Main.storyboard in Resources */,
			);
			runOnlyForDeploymentPostprocessing = 0;
		};
		9DFBE85E214134CA003EE815 /* Resources */ = {
			isa = PBXResourcesBuildPhase;
			buildActionMask = 2147483647;
			files = (
			);
			runOnlyForDeploymentPostprocessing = 0;
		};
		9DFBE869214134CA003EE815 /* Resources */ = {
			isa = PBXResourcesBuildPhase;
			buildActionMask = 2147483647;
			files = (
			);
			runOnlyForDeploymentPostprocessing = 0;
		};
/* End PBXResourcesBuildPhase section */

/* Begin PBXSourcesBuildPhase section */
		9DFBE848214134C3003EE815 /* Sources */ = {
			isa = PBXSourcesBuildPhase;
			buildActionMask = 2147483647;
			files = (
				9DFBE852214134C3003EE815 /* ViewController.swift in Sources */,
				9DFBE850214134C3003EE815 /* AppDelegate.swift in Sources */,
				9DFBE8832141352C003EE815 /* VKImageZoom.swift in Sources */,
			);
			runOnlyForDeploymentPostprocessing = 0;
		};
		9DFBE85C214134CA003EE815 /* Sources */ = {
			isa = PBXSourcesBuildPhase;
			buildActionMask = 2147483647;
			files = (
				9DFBE865214134CA003EE815 /* VKImageZoomTests.swift in Sources */,
			);
			runOnlyForDeploymentPostprocessing = 0;
		};
		9DFBE867214134CA003EE815 /* Sources */ = {
			isa = PBXSourcesBuildPhase;
			buildActionMask = 2147483647;
			files = (
				9DFBE870214134CA003EE815 /* VKImageZoomUITests.swift in Sources */,
			);
			runOnlyForDeploymentPostprocessing = 0;
		};
/* End PBXSourcesBuildPhase section */

/* Begin PBXTargetDependency section */
		9DFBE862214134CA003EE815 /* PBXTargetDependency */ = {
			isa = PBXTargetDependency;
			target = 9DFBE84B214134C3003EE815 /* VKImageZoom */;
			targetProxy = 9DFBE861214134CA003EE815 /* PBXContainerItemProxy */;
		};
		9DFBE86D214134CA003EE815 /* PBXTargetDependency */ = {
			isa = PBXTargetDependency;
			target = 9DFBE84B214134C3003EE815 /* VKImageZoom */;
			targetProxy = 9DFBE86C214134CA003EE815 /* PBXContainerItemProxy */;
		};
/* End PBXTargetDependency section */

/* Begin PBXVariantGroup section */
		9DFBE853214134C3003EE815 /* Main.storyboard */ = {
			isa = PBXVariantGroup;
			children = (
				9DFBE854214134C3003EE815 /* Base */,
			);
			name = Main.storyboard;
			sourceTree = "<group>";
		};
		9DFBE858214134CA003EE815 /* LaunchScreen.storyboard */ = {
			isa = PBXVariantGroup;
			children = (
				9DFBE859214134CA003EE815 /* Base */,
			);
			name = LaunchScreen.storyboard;
			sourceTree = "<group>";
		};
/* End PBXVariantGroup section */

/* Begin XCBuildConfiguration section */
		9DFBE872214134CA003EE815 /* Debug */ = {
			isa = XCBuildConfiguration;
			buildSettings = {
				ALWAYS_SEARCH_USER_PATHS = NO;
				CLANG_ANALYZER_NONNULL = YES;
				CLANG_ANALYZER_NUMBER_OBJECT_CONVERSION = YES_AGGRESSIVE;
				CLANG_CXX_LANGUAGE_STANDARD = "gnu++14";
				CLANG_CXX_LIBRARY = "libc++";
				CLANG_ENABLE_MODULES = YES;
				CLANG_ENABLE_OBJC_ARC = YES;
				CLANG_ENABLE_OBJC_WEAK = YES;
				CLANG_WARN_BLOCK_CAPTURE_AUTORELEASING = YES;
				CLANG_WARN_BOOL_CONVERSION = YES;
				CLANG_WARN_COMMA = YES;
				CLANG_WARN_CONSTANT_CONVERSION = YES;
				CLANG_WARN_DEPRECATED_OBJC_IMPLEMENTATIONS = YES;
				CLANG_WARN_DIRECT_OBJC_ISA_USAGE = YES_ERROR;
				CLANG_WARN_DOCUMENTATION_COMMENTS = YES;
				CLANG_WARN_EMPTY_BODY = YES;
				CLANG_WARN_ENUM_CONVERSION = YES;
				CLANG_WARN_INFINITE_RECURSION = YES;
				CLANG_WARN_INT_CONVERSION = YES;
				CLANG_WARN_NON_LITERAL_NULL_CONVERSION = YES;
				CLANG_WARN_OBJC_IMPLICIT_RETAIN_SELF = YES;
				CLANG_WARN_OBJC_LITERAL_CONVERSION = YES;
				CLANG_WARN_OBJC_ROOT_CLASS = YES_ERROR;
				CLANG_WARN_RANGE_LOOP_ANALYSIS = YES;
				CLANG_WARN_STRICT_PROTOTYPES = YES;
				CLANG_WARN_SUSPICIOUS_MOVE = YES;
				CLANG_WARN_UNGUARDED_AVAILABILITY = YES_AGGRESSIVE;
				CLANG_WARN_UNREACHABLE_CODE = YES;
				CLANG_WARN__DUPLICATE_METHOD_MATCH = YES;
				CODE_SIGN_IDENTITY = "iPhone Developer";
				COPY_PHASE_STRIP = NO;
				DEBUG_INFORMATION_FORMAT = dwarf;
				ENABLE_STRICT_OBJC_MSGSEND = YES;
				ENABLE_TESTABILITY = YES;
				GCC_C_LANGUAGE_STANDARD = gnu11;
				GCC_DYNAMIC_NO_PIC = NO;
				GCC_NO_COMMON_BLOCKS = YES;
				GCC_OPTIMIZATION_LEVEL = 0;
				GCC_PREPROCESSOR_DEFINITIONS = (
					"DEBUG=1",
					"$(inherited)",
				);
				GCC_WARN_64_TO_32_BIT_CONVERSION = YES;
				GCC_WARN_ABOUT_RETURN_TYPE = YES_ERROR;
				GCC_WARN_UNDECLARED_SELECTOR = YES;
				GCC_WARN_UNINITIALIZED_AUTOS = YES_AGGRESSIVE;
				GCC_WARN_UNUSED_FUNCTION = YES;
				GCC_WARN_UNUSED_VARIABLE = YES;
				IPHONEOS_DEPLOYMENT_TARGET = 8.0;
				MTL_ENABLE_DEBUG_INFO = YES;
				ONLY_ACTIVE_ARCH = YES;
				SDKROOT = iphoneos;
				SWIFT_ACTIVE_COMPILATION_CONDITIONS = DEBUG;
				SWIFT_OPTIMIZATION_LEVEL = "-Onone";
			};
			name = Debug;
		};
		9DFBE873214134CA003EE815 /* Release */ = {
			isa = XCBuildConfiguration;
			buildSettings = {
				ALWAYS_SEARCH_USER_PATHS = NO;
				CLANG_ANALYZER_NONNULL = YES;
				CLANG_ANALYZER_NUMBER_OBJECT_CONVERSION = YES_AGGRESSIVE;
				CLANG_CXX_LANGUAGE_STANDARD = "gnu++14";
				CLANG_CXX_LIBRARY = "libc++";
				CLANG_ENABLE_MODULES = YES;
				CLANG_ENABLE_OBJC_ARC = YES;
				CLANG_ENABLE_OBJC_WEAK = YES;
				CLANG_WARN_BLOCK_CAPTURE_AUTORELEASING = YES;
				CLANG_WARN_BOOL_CONVERSION = YES;
				CLANG_WARN_COMMA = YES;
				CLANG_WARN_CONSTANT_CONVERSION = YES;
				CLANG_WARN_DEPRECATED_OBJC_IMPLEMENTATIONS = YES;
				CLANG_WARN_DIRECT_OBJC_ISA_USAGE = YES_ERROR;
				CLANG_WARN_DOCUMENTATION_COMMENTS = YES;
				CLANG_WARN_EMPTY_BODY = YES;
				CLANG_WARN_ENUM_CONVERSION = YES;
				CLANG_WARN_INFINITE_RECURSION = YES;
				CLANG_WARN_INT_CONVERSION = YES;
				CLANG_WARN_NON_LITERAL_NULL_CONVERSION = YES;
				CLANG_WARN_OBJC_IMPLICIT_RETAIN_SELF = YES;
				CLANG_WARN_OBJC_LITERAL_CONVERSION = YES;
				CLANG_WARN_OBJC_ROOT_CLASS = YES_ERROR;
				CLANG_WARN_RANGE_LOOP_ANALYSIS = YES;
				CLANG_WARN_STRICT_PROTOTYPES = YES;
				CLANG_WARN_SUSPICIOUS_MOVE = YES;
				CLANG_WARN_UNGUARDED_AVAILABILITY = YES_AGGRESSIVE;
				CLANG_WARN_UNREACHABLE_CODE = YES;
				CLANG_WARN__DUPLICATE_METHOD_MATCH = YES;
				CODE_SIGN_IDENTITY = "iPhone Developer";
				COPY_PHASE_STRIP = NO;
				DEBUG_INFORMATION_FORMAT = "dwarf-with-dsym";
				ENABLE_NS_ASSERTIONS = NO;
				ENABLE_STRICT_OBJC_MSGSEND = YES;
				GCC_C_LANGUAGE_STANDARD = gnu11;
				GCC_NO_COMMON_BLOCKS = YES;
				GCC_WARN_64_TO_32_BIT_CONVERSION = YES;
				GCC_WARN_ABOUT_RETURN_TYPE = YES_ERROR;
				GCC_WARN_UNDECLARED_SELECTOR = YES;
				GCC_WARN_UNINITIALIZED_AUTOS = YES_AGGRESSIVE;
				GCC_WARN_UNUSED_FUNCTION = YES;
				GCC_WARN_UNUSED_VARIABLE = YES;
				IPHONEOS_DEPLOYMENT_TARGET = 8.0;
				MTL_ENABLE_DEBUG_INFO = NO;
				SDKROOT = iphoneos;
				SWIFT_COMPILATION_MODE = wholemodule;
				SWIFT_OPTIMIZATION_LEVEL = "-O";
				VALIDATE_PRODUCT = YES;
			};
			name = Release;
		};
		9DFBE875214134CA003EE815 /* Debug */ = {
			isa = XCBuildConfiguration;
			buildSettings = {
				ASSETCATALOG_COMPILER_APPICON_NAME = AppIcon;
				CODE_SIGN_STYLE = Manual;
				DEVELOPMENT_TEAM = "";
				INFOPLIST_FILE = VKImageZoom/Info.plist;
				IPHONEOS_DEPLOYMENT_TARGET = 8.0;
				LD_RUNPATH_SEARCH_PATHS = (
					"$(inherited)",
					"@executable_path/Frameworks",
				);
				PRODUCT_BUNDLE_IDENTIFIER = com.VKImageZoom.Swift;
				PRODUCT_NAME = "$(TARGET_NAME)";
				PROVISIONING_PROFILE_SPECIFIER = "";
				SWIFT_VERSION = 4.0;
				TARGETED_DEVICE_FAMILY = "1,2";
			};
			name = Debug;
		};
		9DFBE876214134CA003EE815 /* Release */ = {
			isa = XCBuildConfiguration;
			buildSettings = {
				ASSETCATALOG_COMPILER_APPICON_NAME = AppIcon;
				CODE_SIGN_STYLE = Manual;
				DEVELOPMENT_TEAM = "";
				INFOPLIST_FILE = VKImageZoom/Info.plist;
				IPHONEOS_DEPLOYMENT_TARGET = 8.0;
				LD_RUNPATH_SEARCH_PATHS = (
					"$(inherited)",
					"@executable_path/Frameworks",
				);
				PRODUCT_BUNDLE_IDENTIFIER = com.VKImageZoom.Swift;
				PRODUCT_NAME = "$(TARGET_NAME)";
				PROVISIONING_PROFILE_SPECIFIER = "";
				SWIFT_VERSION = 4.0;
				TARGETED_DEVICE_FAMILY = "1,2";
			};
			name = Release;
		};
		9DFBE878214134CA003EE815 /* Debug */ = {
			isa = XCBuildConfiguration;
			buildSettings = {
				ALWAYS_EMBED_SWIFT_STANDARD_LIBRARIES = YES;
				BUNDLE_LOADER = "$(TEST_HOST)";
				CODE_SIGN_STYLE = Automatic;
				INFOPLIST_FILE = VKImageZoomTests/Info.plist;
				LD_RUNPATH_SEARCH_PATHS = (
					"$(inherited)",
					"@executable_path/Frameworks",
					"@loader_path/Frameworks",
				);
				PRODUCT_BUNDLE_IDENTIFIER = com.VKImageZoom.Swift.VKImageZoomTests;
				PRODUCT_NAME = "$(TARGET_NAME)";
				SWIFT_VERSION = 4.0;
				TARGETED_DEVICE_FAMILY = "1,2";
				TEST_HOST = "$(BUILT_PRODUCTS_DIR)/VKImageZoom.app/VKImageZoom";
			};
			name = Debug;
		};
		9DFBE879214134CA003EE815 /* Release */ = {
			isa = XCBuildConfiguration;
			buildSettings = {
				ALWAYS_EMBED_SWIFT_STANDARD_LIBRARIES = YES;
				BUNDLE_LOADER = "$(TEST_HOST)";
				CODE_SIGN_STYLE = Automatic;
				INFOPLIST_FILE = VKImageZoomTests/Info.plist;
				LD_RUNPATH_SEARCH_PATHS = (
					"$(inherited)",
					"@executable_path/Frameworks",
					"@loader_path/Frameworks",
				);
				PRODUCT_BUNDLE_IDENTIFIER = com.VKImageZoom.Swift.VKImageZoomTests;
				PRODUCT_NAME = "$(TARGET_NAME)";
				SWIFT_VERSION = 4.0;
				TARGETED_DEVICE_FAMILY = "1,2";
				TEST_HOST = "$(BUILT_PRODUCTS_DIR)/VKImageZoom.app/VKImageZoom";
			};
			name = Release;
		};
		9DFBE87B214134CA003EE815 /* Debug */ = {
			isa = XCBuildConfiguration;
			buildSettings = {
				ALWAYS_EMBED_SWIFT_STANDARD_LIBRARIES = YES;
				CODE_SIGN_STYLE = Automatic;
				INFOPLIST_FILE = VKImageZoomUITests/Info.plist;
				LD_RUNPATH_SEARCH_PATHS = (
					"$(inherited)",
					"@executable_path/Frameworks",
					"@loader_path/Frameworks",
				);
				PRODUCT_BUNDLE_IDENTIFIER = com.VKImageZoom.Swift.VKImageZoomUITests;
				PRODUCT_NAME = "$(TARGET_NAME)";
				SWIFT_VERSION = 4.0;
				TARGETED_DEVICE_FAMILY = "1,2";
				TEST_TARGET_NAME = VKImageZoom;
			};
			name = Debug;
		};
		9DFBE87C214134CA003EE815 /* Release */ = {
			isa = XCBuildConfiguration;
			buildSettings = {
				ALWAYS_EMBED_SWIFT_STANDARD_LIBRARIES = YES;
				CODE_SIGN_STYLE = Automatic;
				INFOPLIST_FILE = VKImageZoomUITests/Info.plist;
				LD_RUNPATH_SEARCH_PATHS = (
					"$(inherited)",
					"@executable_path/Frameworks",
					"@loader_path/Frameworks",
				);
				PRODUCT_BUNDLE_IDENTIFIER = com.VKImageZoom.Swift.VKImageZoomUITests;
				PRODUCT_NAME = "$(TARGET_NAME)";
				SWIFT_VERSION = 4.0;
				TARGETED_DEVICE_FAMILY = "1,2";
				TEST_TARGET_NAME = VKImageZoom;
			};
			name = Release;
		};
/* End XCBuildConfiguration section */

/* Begin XCConfigurationList section */
		9DFBE847214134C3003EE815 /* Build configuration list for PBXProject "VKImageZoom" */ = {
			isa = XCConfigurationList;
			buildConfigurations = (
				9DFBE872214134CA003EE815 /* Debug */,
				9DFBE873214134CA003EE815 /* Release */,
			);
			defaultConfigurationIsVisible = 0;
			defaultConfigurationName = Release;
		};
		9DFBE874214134CA003EE815 /* Build configuration list for PBXNativeTarget "VKImageZoom" */ = {
			isa = XCConfigurationList;
			buildConfigurations = (
				9DFBE875214134CA003EE815 /* Debug */,
				9DFBE876214134CA003EE815 /* Release */,
			);
			defaultConfigurationIsVisible = 0;
			defaultConfigurationName = Release;
		};
		9DFBE877214134CA003EE815 /* Build configuration list for PBXNativeTarget "VKImageZoomTests" */ = {
			isa = XCConfigurationList;
			buildConfigurations = (
				9DFBE878214134CA003EE815 /* Debug */,
				9DFBE879214134CA003EE815 /* Release */,
			);
			defaultConfigurationIsVisible = 0;
			defaultConfigurationName = Release;
		};
		9DFBE87A214134CA003EE815 /* Build configuration list for PBXNativeTarget "VKImageZoomUITests" */ = {
			isa = XCConfigurationList;
			buildConfigurations = (
				9DFBE87B214134CA003EE815 /* Debug */,
				9DFBE87C214134CA003EE815 /* Release */,
			);
			defaultConfigurationIsVisible = 0;
			defaultConfigurationName = Release;
		};
/* End XCConfigurationList section */
	};
	rootObject = 9DFBE844214134C3003EE815 /* Project object */;
}
